{
  "nodes": {
    "nixpkgs": {
      "locked": {
        "lastModified": 1688798537,
        "narHash": "sha256-+3QEnDgBiso8lgUJpMagn6xCujmarc6zCWfKYAd6nqU=",
        "owner": "NixOS",
        "repo": "nixpkgs",
        "rev": "842e90934a352f517d23963df3ec0474612e483c",
        "type": "github"
      },
      "original": {
        "id": "nixpkgs",
        "ref": "nixpkgs-unstable",
        "type": "indirect"
      }
    },
    "nixpkgs_2": {
      "locked": {
        "lastModified": 1674236650,
        "narHash": "sha256-B4GKL1YdJnII6DQNNJ4wDW1ySJVx2suB1h/v4Ql8J0Q=",
        "owner": "NixOS",
        "repo": "nixpkgs",
        "rev": "cfb43ad7b941d9c3606fb35d91228da7ebddbfc5",
        "type": "github"
      },
      "original": {
        "id": "nixpkgs",
        "ref": "nixpkgs-unstable",
        "type": "indirect"
      }
    },
    "nixrt": {
      "inputs": {
        "nixpkgs": "nixpkgs_2"
      },
      "locked": {
        "lastModified": 1688814010,
        "narHash": "sha256-KD1Ole6lwRnj2UT/Id7B261m1Wur8I/qhhbHZouTNn4=",
        "owner": "urbas",
        "repo": "nixrt",
        "rev": "78dfe6d081baeafd3d79deff71ce7e1860a38319",
        "type": "github"
      },
      "original": {
        "owner": "urbas",
        "repo": "nixrt",
        "type": "github"
      }
    },
    "root": {
      "inputs": {
        "nixpkgs": "nixpkgs",
        "nixrt": "nixrt"
      }
    }
  },
  "root": "root",
  "version": 7
}
