{
  "nodes": {
    "nixjs-rt": {
      "inputs": {
        "nixpkgs": "nixpkgs"
      },
      "locked": {
        "lastModified": 1710672548,
        "narHash": "sha256-RhNX2gWkANcLpUTuv40juh0miyxeOnqiG3Ipir4dy+Y=",
        "owner": "urbas",
        "repo": "nixjs-rt",
        "rev": "45fcf273dedb3ad2619a656b956c1089936c3ddc",
        "type": "github"
      },
      "original": {
        "owner": "urbas",
        "repo": "nixjs-rt",
        "type": "github"
      }
    },
    "nixpkgs": {
      "locked": {
        "lastModified": 1707451808,
        "narHash": "sha256-UwDBUNHNRsYKFJzyTMVMTF5qS4xeJlWoeyJf+6vvamU=",
        "owner": "NixOS",
        "repo": "nixpkgs",
        "rev": "442d407992384ed9c0e6d352de75b69079904e4e",
        "type": "github"
      },
      "original": {
        "id": "nixpkgs",
        "ref": "nixpkgs-unstable",
        "type": "indirect"
      }
    },
    "nixpkgs_2": {
      "locked": {
        "lastModified": 1710637405,
        "narHash": "sha256-w/woLwnFyhOeJWPjSWFtMNI2/RZTaAtHySIfm43Chos=",
        "owner": "NixOS",
        "repo": "nixpkgs",
        "rev": "299d4668ba61600311553920d9fd9c102145b2cb",
        "type": "github"
      },
      "original": {
        "id": "nixpkgs",
        "ref": "nixpkgs-unstable",
        "type": "indirect"
      }
    },
    "root": {
      "inputs": {
        "nixjs-rt": "nixjs-rt",
        "nixpkgs": "nixpkgs_2"
      }
    }
  },
  "root": "root",
  "version": 7
}
